github.com/pkg/profile v1.3.0 h1:OQIvuDgm00gWVWGTf4m4mCt6W1/0YqU7Ntg0mySWgaI=
github.com/pkg/profile v1.3.0/go.mod h1:hJw3o1OdXxsrSjjVksARp5W95eeEaEfptyVZyv6JUPA=
goji.io v2.0.2+incompatible h1:uIssv/elbKRLznFUy3Xj4+2Mz/qKhek/9aZQDUMae7c=
goji.io v2.0.2+incompatible/go.mod h1:sbqFwrtqZACxLBTQcdgVjFh54yGVCvwq8+w49MVMMIk=
